{
  "name": "@amazon-q-developer/ui-components",
  "version": "1.0.0",
  "lockfileVersion": 3,
  "requires": true,
  "packages": {
    "": {
      "name": "@amazon-q-developer/ui-components",
      "version": "1.0.0",
      "license": "MIT",
      "dependencies": {
        "clsx": "^2.0.0",
        "lucide-react": "^0.294.0"
      },
      "devDependencies": {
        "@storybook/addon-essentials": "^7.6.6",
        "@storybook/addon-interactions": "^7.6.6",
        "@storybook/addon-links": "^7.6.6",
        "@storybook/addon-onboarding": "^1.0.10",
        "@storybook/blocks": "^7.6.6",
        "@storybook/react": "^7.6.6",
        "@storybook/react-vite": "^7.6.6",
        "@storybook/test": "^7.6.6",
        "@types/node": "^20.10.0",
        "@types/react": "^18.2.43",
        "@types/react-dom": "^18.2.17",
        "@typescript-eslint/eslint-plugin": "^6.14.0",
        "@typescript-eslint/parser": "^6.14.0",
        "@vitejs/plugin-react": "^4.2.1",
        "autoprefixer": "^10.4.16",
        "eslint": "^8.55.0",
        "eslint-plugin-react": "^7.33.2",
        "eslint-plugin-react-hooks": "^4.6.0",
        "eslint-plugin-storybook": "^0.6.15",
        "gh-pages": "^6.1.1",
        "postcss": "^8.4.32",
        "react": "^18.2.0",
        "react-dom": "^18.2.0",
        "storybook": "^7.6.6",
        "tailwindcss": "^3.3.6",
        "typescript": "^5.3.3",
        "vite": "^5.0.8",
        "vite-plugin-dts": "^3.6.4",
        "vitest": "^1.0.4"
      },
      "peerDependencies": {
        "react": "^18.0.0",
        "react-dom": "^18.0.0"
      }
    },
    "node_modules/clsx": {
      "version": "2.0.0",
      "resolved": "https://registry.npmjs.org/clsx/-/clsx-2.0.0.tgz",
      "integrity": "sha512-rQ1+kcj+ttHG0MKVGBUXwayCCF1oh39BF5COIpRzuCEv8Mwjv0XucrI2ExNTOn9IlLifGClWQcU9BrZORvtw6Q==",
      "engines": {
        "node": ">=6"
      }
    },
    "node_modules/lucide-react": {
      "version": "0.294.0",
      "resolved": "https://registry.npmjs.org/lucide-react/-/lucide-react-0.294.0.tgz",
      "integrity": "sha512-V7o0/VECSGbLHn3/1O67FUgBwWB+hmzshrgDVRJQhMh8uj5D3HBuIvhuAmQTtlupILSplwIZg5FTc4tTKMA2SA==",
      "peerDependencies": {
        "react": "^16.5.1 || ^17.0.0 || ^18.0.0"
      }
    }
  }
}